{
  "nodes": {
    "home-manager": {
      "inputs": {
        "nixpkgs": [
          "nixpkgs"
        ]
      },
      "locked": {
        "lastModified": 1704809957,
        "narHash": "sha256-Z8sBeoeeY2O+BNqh5C+4Z1h1F1wQ2mij7yPZ2GY397M=",
        "owner": "nix-community",
        "repo": "home-manager",
        "rev": "e13aa9e287b3365473e5897e3667ea80a899cdfb",
        "type": "github"
      },
      "original": {
        "id": "home-manager",
        "type": "indirect"
      }
    },
    "nix-darwin": {
      "inputs": {
        "nixpkgs": [
          "nixpkgs"
        ]
      },
      "locked": {
        "lastModified": 1704277720,
        "narHash": "sha256-meAKNgmh3goankLGWqqpw73pm9IvXjEENJloF0coskE=",
        "owner": "LnL7",
        "repo": "nix-darwin",
        "rev": "0dd382b70c351f528561f71a0a7df82c9d2be9a4",
        "type": "github"
      },
      "original": {
        "id": "nix-darwin",
        "type": "indirect"
      }
    },
    "nixpkgs": {
      "locked": {
        "lastModified": 1704626572,
        "narHash": "sha256-VwRTEKzK4wSSv64G+g3RLF3t6yBHrhR2VK3kZ5UWisU=",
        "owner": "NixOS",
        "repo": "nixpkgs",
        "rev": "24fe8bb4f552ad3926274d29e083b79d84707da6",
        "type": "github"
      },
      "original": {
        "id": "nixpkgs",
        "ref": "nixpkgs-unstable",
        "type": "indirect"
      }
    },
    "root": {
      "inputs": {
        "home-manager": "home-manager",
        "nix-darwin": "nix-darwin",
        "nixpkgs": "nixpkgs"
      }
    }
  },
  "root": "root",
  "version": 7
}
