{
  "nodes": {
    "home-manager": {
      "inputs": {
        "nixpkgs": [
          "nixpkgs"
        ]
      },
      "locked": {
        "lastModified": 1708591310,
        "narHash": "sha256-8mQGVs8JccWTnORgoLOTh9zvf6Np+x2JzhIc+LDcJ9s=",
        "owner": "nix-community",
        "repo": "home-manager",
        "rev": "0e0e9669547e45ea6cca2de4044c1a384fd0fe55",
        "type": "github"
      },
      "original": {
        "id": "home-manager",
        "type": "indirect"
      }
    },
    "nix-darwin": {
      "inputs": {
        "nixpkgs": [
          "nixpkgs"
        ]
      },
      "locked": {
        "lastModified": 1708737761,
        "narHash": "sha256-sR/1cYjpgr71ZSrt6Kp5Dg4Ul3mo6pZIG400tuzYks8=",
        "owner": "LnL7",
        "repo": "nix-darwin",
        "rev": "bbde06bed1b72eddff063fa42f18644e90a0121e",
        "type": "github"
      },
      "original": {
        "id": "nix-darwin",
        "type": "indirect"
      }
    },
    "nixpkgs": {
      "locked": {
        "lastModified": 1708692673,
        "narHash": "sha256-qIQMXkkp3/Lo2Zu41BK/oN3Dt3b5rUJELvt+CbAXPXw=",
        "owner": "NixOS",
        "repo": "nixpkgs",
        "rev": "48b75eb6e521f2303cb3cd53a94ec80021b422aa",
        "type": "github"
      },
      "original": {
        "id": "nixpkgs",
        "ref": "nixpkgs-unstable",
        "type": "indirect"
      }
    },
    "root": {
      "inputs": {
        "home-manager": "home-manager",
        "nix-darwin": "nix-darwin",
        "nixpkgs": "nixpkgs"
      }
    }
  },
  "root": "root",
  "version": 7
}
